version = 1
revision = 2
requires-python = "==3.11.1"

[[package]]
name = "black"
version = "25.1.0"
source = { registry = "https://pypi.org/simple" }
dependencies = [
    { name = "click" },
    { name = "mypy-extensions" },
    { name = "packaging" },
    { name = "pathspec" },
    { name = "platformdirs" },
]
sdist = { url = "https://files.pythonhosted.org/packages/94/49/26a7b0f3f35da4b5a65f081943b7bcd22d7002f5f0fb8098ec1ff21cb6ef/black-25.1.0.tar.gz", hash = "sha256:33496d5cd1222ad73391352b4ae8da15253c5de89b93a80b3e2c8d9a19ec2666", size = 649449, upload-time = "2025-01-29T04:15:40.373Z" }
wheels = [
    { url = "https://files.pythonhosted.org/packages/7e/4f/87f596aca05c3ce5b94b8663dbfe242a12843caaa82dd3f85f1ffdc3f177/black-25.1.0-cp311-cp311-macosx_10_9_x86_64.whl", hash = "sha256:a39337598244de4bae26475f77dda852ea00a93bd4c728e09eacd827ec929df0", size = 1614372, upload-time = "2025-01-29T05:37:11.71Z" },
    { url = "https://files.pythonhosted.org/packages/e7/d0/2c34c36190b741c59c901e56ab7f6e54dad8df05a6272a9747ecef7c6036/black-25.1.0-cp311-cp311-macosx_11_0_arm64.whl", hash = "sha256:96c1c7cd856bba8e20094e36e0f948718dc688dba4a9d78c3adde52b9e6c2299", size = 1442865, upload-time = "2025-01-29T05:37:14.309Z" },
    { url = "https://files.pythonhosted.org/packages/21/d4/7518c72262468430ead45cf22bd86c883a6448b9eb43672765d69a8f1248/black-25.1.0-cp311-cp311-manylinux_2_17_x86_64.manylinux2014_x86_64.manylinux_2_28_x86_64.whl", hash = "sha256:bce2e264d59c91e52d8000d507eb20a9aca4a778731a08cfff7e5ac4a4bb7096", size = 1749699, upload-time = "2025-01-29T04:18:17.688Z" },
    { url = "https://files.pythonhosted.org/packages/58/db/4f5beb989b547f79096e035c4981ceb36ac2b552d0ac5f2620e941501c99/black-25.1.0-cp311-cp311-win_amd64.whl", hash = "sha256:172b1dbff09f86ce6f4eb8edf9dede08b1fce58ba194c87d7a4f1a5aa2f5b3c2", size = 1428028, upload-time = "2025-01-29T04:18:51.711Z" },
    { url = "https://files.pythonhosted.org/packages/09/71/54e999902aed72baf26bca0d50781b01838251a462612966e9fc4891eadd/black-25.1.0-py3-none-any.whl", hash = "sha256:95e8176dae143ba9097f351d174fdaf0ccd29efb414b362ae3fd72bf0f710717", size = 207646, upload-time = "2025-01-29T04:15:38.082Z" },
]

[[package]]
name = "click"
version = "8.2.1"
source = { registry = "https://pypi.org/simple" }
dependencies = [
    { name = "colorama", marker = "sys_platform == 'win32'" },
]
sdist = { url = "https://files.pythonhosted.org/packages/60/6c/8ca2efa64cf75a977a0d7fac081354553ebe483345c734fb6b6515d96bbc/click-8.2.1.tar.gz", hash = "sha256:27c491cc05d968d271d5a1db13e3b5a184636d9d930f148c50b038f0d0646202", size = 286342, upload-time = "2025-05-20T23:19:49.832Z" }
wheels = [
    { url = "https://files.pythonhosted.org/packages/85/32/10bb5764d90a8eee674e9dc6f4db6a0ab47c8c4d0d83c27f7c39ac415a4d/click-8.2.1-py3-none-any.whl", hash = "sha256:61a3265b914e850b85317d0b3109c7f8cd35a670f963866005d6ef1d5175a12b", size = 102215, upload-time = "2025-05-20T23:19:47.796Z" },
]

[[package]]
name = "colorama"
version = "0.4.6"
source = { registry = "https://pypi.org/simple" }
sdist = { url = "https://files.pythonhosted.org/packages/d8/53/6f443c9a4a8358a93a6792e2acffb9d9d5cb0a5cfd8802644b7b1c9a02e4/colorama-0.4.6.tar.gz", hash = "sha256:08695f5cb7ed6e0531a20572697297273c47b8cae5a63ffc6d6ed5c201be6e44", size = 27697, upload-time = "2022-10-25T02:36:22.414Z" }
wheels = [
    { url = "https://files.pythonhosted.org/packages/d1/d6/3965ed04c63042e047cb6a3e6ed1a63a35087b6a609aa3a15ed8ac56c221/colorama-0.4.6-py2.py3-none-any.whl", hash = "sha256:4f1d9991f5acc0ca119f9d443620b77f9d6b33703e51011c16baf57afb285fc6", size = 25335, upload-time = "2022-10-25T02:36:20.889Z" },
]

[[package]]
name = "flake8"
version = "7.2.0"
source = { registry = "https://pypi.org/simple" }
dependencies = [
    { name = "mccabe" },
    { name = "pycodestyle" },
    { name = "pyflakes" },
]
sdist = { url = "https://files.pythonhosted.org/packages/e7/c4/5842fc9fc94584c455543540af62fd9900faade32511fab650e9891ec225/flake8-7.2.0.tar.gz", hash = "sha256:fa558ae3f6f7dbf2b4f22663e5343b6b6023620461f8d4ff2019ef4b5ee70426", size = 48177, upload-time = "2025-03-29T20:08:39.329Z" }
wheels = [
    { url = "https://files.pythonhosted.org/packages/83/5c/0627be4c9976d56b1217cb5187b7504e7fd7d3503f8bfd312a04077bd4f7/flake8-7.2.0-py2.py3-none-any.whl", hash = "sha256:93b92ba5bdb60754a6da14fa3b93a9361fd00a59632ada61fd7b130436c40343", size = 57786, upload-time = "2025-03-29T20:08:37.902Z" },
]

[[package]]
name = "iniconfig"
version = "2.1.0"
source = { registry = "https://pypi.org/simple" }
sdist = { url = "https://files.pythonhosted.org/packages/f2/97/ebf4da567aa6827c909642694d71c9fcf53e5b504f2d96afea02718862f3/iniconfig-2.1.0.tar.gz", hash = "sha256:3abbd2e30b36733fee78f9c7f7308f2d0050e88f0087fd25c2645f63c773e1c7", size = 4793, upload-time = "2025-03-19T20:09:59.721Z" }
wheels = [
    { url = "https://files.pythonhosted.org/packages/2c/e1/e6716421ea10d38022b952c159d5161ca1193197fb744506875fbb87ea7b/iniconfig-2.1.0-py3-none-any.whl", hash = "sha256:9deba5723312380e77435581c6bf4935c94cbfab9b1ed33ef8d238ea168eb760", size = 6050, upload-time = "2025-03-19T20:10:01.071Z" },
]

[[package]]
name = "isort"
version = "6.0.1"
source = { registry = "https://pypi.org/simple" }
sdist = { url = "https://files.pythonhosted.org/packages/b8/21/1e2a441f74a653a144224d7d21afe8f4169e6c7c20bb13aec3a2dc3815e0/isort-6.0.1.tar.gz", hash = "sha256:1cb5df28dfbc742e490c5e41bad6da41b805b0a8be7bc93cd0fb2a8a890ac450", size = 821955, upload-time = "2025-02-26T21:13:16.955Z" }
wheels = [
    { url = "https://files.pythonhosted.org/packages/c1/11/114d0a5f4dabbdcedc1125dee0888514c3c3b16d3e9facad87ed96fad97c/isort-6.0.1-py3-none-any.whl", hash = "sha256:2dc5d7f65c9678d94c88dfc29161a320eec67328bc97aad576874cb4be1e9615", size = 94186, upload-time = "2025-02-26T21:13:14.911Z" },
]

[package.optional-dependencies]
colors = [
    { name = "colorama" },
]

[[package]]
name = "mccabe"
version = "0.7.0"
source = { registry = "https://pypi.org/simple" }
sdist = { url = "https://files.pythonhosted.org/packages/e7/ff/0ffefdcac38932a54d2b5eed4e0ba8a408f215002cd178ad1df0f2806ff8/mccabe-0.7.0.tar.gz", hash = "sha256:348e0240c33b60bbdf4e523192ef919f28cb2c3d7d5c7794f74009290f236325", size = 9658, upload-time = "2022-01-24T01:14:51.113Z" }
wheels = [
    { url = "https://files.pythonhosted.org/packages/27/1a/1f68f9ba0c207934b35b86a8ca3aad8395a3d6dd7921c0686e23853ff5a9/mccabe-0.7.0-py2.py3-none-any.whl", hash = "sha256:6c2d30ab6be0e4a46919781807b4f0d834ebdd6c6e3dca0bda5a15f863427b6e", size = 7350, upload-time = "2022-01-24T01:14:49.62Z" },
]

[[package]]
name = "mftd"
version = "0.1.0"
source = { virtual = "." }

[package.optional-dependencies]
dev = [
    { name = "black" },
    { name = "flake8" },
    { name = "isort", extra = ["colors"] },
    { name = "mypy" },
    { name = "pinliner" },
    { name = "pytest" },
    { name = "pytest-mock" },
    { name = "python-rtmidi" },
]

[package.metadata]
requires-dist = [
    { name = "black", marker = "extra == 'dev'", specifier = ">=25.1.0" },
    { name = "flake8", marker = "extra == 'dev'", specifier = ">=7.0.0" },
    { name = "isort", extras = ["colors"], marker = "extra == 'dev'", specifier = ">=5.9.3" },
    { name = "mypy", marker = "extra == 'dev'", specifier = ">=1.5.1" },
    { name = "pinliner", marker = "extra == 'dev'", git = "https://github.com/garytyler/pinliner?rev=master" },
    { name = "pytest", marker = "extra == 'dev'", specifier = ">=6.2.5" },
    { name = "pytest-mock", marker = "extra == 'dev'", specifier = ">=3.6.1" },
    { name = "python-rtmidi", marker = "extra == 'dev'", specifier = ">=1.5.8" },
]
provides-extras = ["dev"]

[[package]]
name = "mypy"
version = "1.16.1"
source = { registry = "https://pypi.org/simple" }
dependencies = [
    { name = "mypy-extensions" },
    { name = "pathspec" },
    { name = "typing-extensions" },
]
sdist = { url = "https://files.pythonhosted.org/packages/81/69/92c7fa98112e4d9eb075a239caa4ef4649ad7d441545ccffbd5e34607cbb/mypy-1.16.1.tar.gz", hash = "sha256:6bd00a0a2094841c5e47e7374bb42b83d64c527a502e3334e1173a0c24437bab", size = 3324747, upload-time = "2025-06-16T16:51:35.145Z" }
wheels = [
    { url = "https://files.pythonhosted.org/packages/9a/61/ec1245aa1c325cb7a6c0f8570a2eee3bfc40fa90d19b1267f8e50b5c8645/mypy-1.16.1-cp311-cp311-macosx_10_9_x86_64.whl", hash = "sha256:472e4e4c100062488ec643f6162dd0d5208e33e2f34544e1fc931372e806c0cc", size = 10890557, upload-time = "2025-06-16T16:37:21.421Z" },
    { url = "https://files.pythonhosted.org/packages/6b/bb/6eccc0ba0aa0c7a87df24e73f0ad34170514abd8162eb0c75fd7128171fb/mypy-1.16.1-cp311-cp311-macosx_11_0_arm64.whl", hash = "sha256:ea16e2a7d2714277e349e24d19a782a663a34ed60864006e8585db08f8ad1782", size = 10012921, upload-time = "2025-06-16T16:51:28.659Z" },
    { url = "https://files.pythonhosted.org/packages/5f/80/b337a12e2006715f99f529e732c5f6a8c143bb58c92bb142d5ab380963a5/mypy-1.16.1-cp311-cp311-manylinux_2_17_aarch64.manylinux2014_aarch64.manylinux_2_28_aarch64.whl", hash = "sha256:08e850ea22adc4d8a4014651575567b0318ede51e8e9fe7a68f25391af699507", size = 11802887, upload-time = "2025-06-16T16:50:53.627Z" },
    { url = "https://files.pythonhosted.org/packages/d9/59/f7af072d09793d581a745a25737c7c0a945760036b16aeb620f658a017af/mypy-1.16.1-cp311-cp311-manylinux_2_17_x86_64.manylinux2014_x86_64.manylinux_2_28_x86_64.whl", hash = "sha256:22d76a63a42619bfb90122889b903519149879ddbf2ba4251834727944c8baca", size = 12531658, upload-time = "2025-06-16T16:33:55.002Z" },
    { url = "https://files.pythonhosted.org/packages/82/c4/607672f2d6c0254b94a646cfc45ad589dd71b04aa1f3d642b840f7cce06c/mypy-1.16.1-cp311-cp311-musllinux_1_2_x86_64.whl", hash = "sha256:2c7ce0662b6b9dc8f4ed86eb7a5d505ee3298c04b40ec13b30e572c0e5ae17c4", size = 12732486, upload-time = "2025-06-16T16:37:03.301Z" },
    { url = "https://files.pythonhosted.org/packages/b6/5e/136555ec1d80df877a707cebf9081bd3a9f397dedc1ab9750518d87489ec/mypy-1.16.1-cp311-cp311-win_amd64.whl", hash = "sha256:211287e98e05352a2e1d4e8759c5490925a7c784ddc84207f4714822f8cf99b6", size = 9479482, upload-time = "2025-06-16T16:47:37.48Z" },
    { url = "https://files.pythonhosted.org/packages/cf/d3/53e684e78e07c1a2bf7105715e5edd09ce951fc3f47cf9ed095ec1b7a037/mypy-1.16.1-py3-none-any.whl", hash = "sha256:5fc2ac4027d0ef28d6ba69a0343737a23c4d1b83672bf38d1fe237bdc0643b37", size = 2265923, upload-time = "2025-06-16T16:48:02.366Z" },
]

[[package]]
name = "mypy-extensions"
version = "1.1.0"
source = { registry = "https://pypi.org/simple" }
sdist = { url = "https://files.pythonhosted.org/packages/a2/6e/371856a3fb9d31ca8dac321cda606860fa4548858c0cc45d9d1d4ca2628b/mypy_extensions-1.1.0.tar.gz", hash = "sha256:52e68efc3284861e772bbcd66823fde5ae21fd2fdb51c62a211403730b916558", size = 6343, upload-time = "2025-04-22T14:54:24.164Z" }
wheels = [
    { url = "https://files.pythonhosted.org/packages/79/7b/2c79738432f5c924bef5071f933bcc9efd0473bac3b4aa584a6f7c1c8df8/mypy_extensions-1.1.0-py3-none-any.whl", hash = "sha256:1be4cccdb0f2482337c4743e60421de3a356cd97508abadd57d47403e94f5505", size = 4963, upload-time = "2025-04-22T14:54:22.983Z" },
]

[[package]]
name = "packaging"
version = "25.0"
source = { registry = "https://pypi.org/simple" }
sdist = { url = "https://files.pythonhosted.org/packages/a1/d4/1fc4078c65507b51b96ca8f8c3ba19e6a61c8253c72794544580a7b6c24d/packaging-25.0.tar.gz", hash = "sha256:d443872c98d677bf60f6a1f2f8c1cb748e8fe762d2bf9d3148b5599295b0fc4f", size = 165727, upload-time = "2025-04-19T11:48:59.673Z" }
wheels = [
    { url = "https://files.pythonhosted.org/packages/20/12/38679034af332785aac8774540895e234f4d07f7545804097de4b666afd8/packaging-25.0-py3-none-any.whl", hash = "sha256:29572ef2b1f17581046b3a2227d5c611fb25ec70ca1ba8554b24b0e69331a484", size = 66469, upload-time = "2025-04-19T11:48:57.875Z" },
]

[[package]]
name = "pathspec"
version = "0.12.1"
source = { registry = "https://pypi.org/simple" }
sdist = { url = "https://files.pythonhosted.org/packages/ca/bc/f35b8446f4531a7cb215605d100cd88b7ac6f44ab3fc94870c120ab3adbf/pathspec-0.12.1.tar.gz", hash = "sha256:a482d51503a1ab33b1c67a6c3813a26953dbdc71c31dacaef9a838c4e29f5712", size = 51043, upload-time = "2023-12-10T22:30:45Z" }
wheels = [
    { url = "https://files.pythonhosted.org/packages/cc/20/ff623b09d963f88bfde16306a54e12ee5ea43e9b597108672ff3a408aad6/pathspec-0.12.1-py3-none-any.whl", hash = "sha256:a0d503e138a4c123b27490a4f7beda6a01c6f288df0e4a8b79c7eb0dc7b4cc08", size = 31191, upload-time = "2023-12-10T22:30:43.14Z" },
]

[[package]]
name = "pinliner"
version = "0.2.0"
source = { git = "https://github.com/garytyler/pinliner?rev=master#ab6cf22b7600a76da7ce6fe84ec38bebdba82554" }

[[package]]
name = "platformdirs"
version = "4.3.8"
source = { registry = "https://pypi.org/simple" }
sdist = { url = "https://files.pythonhosted.org/packages/fe/8b/3c73abc9c759ecd3f1f7ceff6685840859e8070c4d947c93fae71f6a0bf2/platformdirs-4.3.8.tar.gz", hash = "sha256:3d512d96e16bcb959a814c9f348431070822a6496326a4be0911c40b5a74c2bc", size = 21362, upload-time = "2025-05-07T22:47:42.121Z" }
wheels = [
    { url = "https://files.pythonhosted.org/packages/fe/39/979e8e21520d4e47a0bbe349e2713c0aac6f3d853d0e5b34d76206c439aa/platformdirs-4.3.8-py3-none-any.whl", hash = "sha256:ff7059bb7eb1179e2685604f4aaf157cfd9535242bd23742eadc3c13542139b4", size = 18567, upload-time = "2025-05-07T22:47:40.376Z" },
]

[[package]]
name = "pluggy"
version = "1.6.0"
source = { registry = "https://pypi.org/simple" }
sdist = { url = "https://files.pythonhosted.org/packages/f9/e2/3e91f31a7d2b083fe6ef3fa267035b518369d9511ffab804f839851d2779/pluggy-1.6.0.tar.gz", hash = "sha256:7dcc130b76258d33b90f61b658791dede3486c3e6bfb003ee5c9bfb396dd22f3", size = 69412, upload-time = "2025-05-15T12:30:07.975Z" }
wheels = [
    { url = "https://files.pythonhosted.org/packages/54/20/4d324d65cc6d9205fabedc306948156824eb9f0ee1633355a8f7ec5c66bf/pluggy-1.6.0-py3-none-any.whl", hash = "sha256:e920276dd6813095e9377c0bc5566d94c932c33b27a3e3945d8389c374dd4746", size = 20538, upload-time = "2025-05-15T12:30:06.134Z" },
]

[[package]]
name = "pycodestyle"
version = "2.13.0"
source = { registry = "https://pypi.org/simple" }
sdist = { url = "https://files.pythonhosted.org/packages/04/6e/1f4a62078e4d95d82367f24e685aef3a672abfd27d1a868068fed4ed2254/pycodestyle-2.13.0.tar.gz", hash = "sha256:c8415bf09abe81d9c7f872502a6eee881fbe85d8763dd5b9924bb0a01d67efae", size = 39312, upload-time = "2025-03-29T17:33:30.669Z" }
wheels = [
    { url = "https://files.pythonhosted.org/packages/07/be/b00116df1bfb3e0bb5b45e29d604799f7b91dd861637e4d448b4e09e6a3e/pycodestyle-2.13.0-py2.py3-none-any.whl", hash = "sha256:35863c5974a271c7a726ed228a14a4f6daf49df369d8c50cd9a6f58a5e143ba9", size = 31424, upload-time = "2025-03-29T17:33:29.405Z" },
]

[[package]]
name = "pyflakes"
version = "3.3.2"
source = { registry = "https://pypi.org/simple" }
sdist = { url = "https://files.pythonhosted.org/packages/af/cc/1df338bd7ed1fa7c317081dcf29bf2f01266603b301e6858856d346a12b3/pyflakes-3.3.2.tar.gz", hash = "sha256:6dfd61d87b97fba5dcfaaf781171ac16be16453be6d816147989e7f6e6a9576b", size = 64175, upload-time = "2025-03-31T13:21:20.34Z" }
wheels = [
    { url = "https://files.pythonhosted.org/packages/15/40/b293a4fa769f3b02ab9e387c707c4cbdc34f073f945de0386107d4e669e6/pyflakes-3.3.2-py2.py3-none-any.whl", hash = "sha256:5039c8339cbb1944045f4ee5466908906180f13cc99cc9949348d10f82a5c32a", size = 63164, upload-time = "2025-03-31T13:21:18.503Z" },
]

[[package]]
name = "pygments"
version = "2.19.1"
source = { registry = "https://pypi.org/simple" }
sdist = { url = "https://files.pythonhosted.org/packages/7c/2d/c3338d48ea6cc0feb8446d8e6937e1408088a72a39937982cc6111d17f84/pygments-2.19.1.tar.gz", hash = "sha256:61c16d2a8576dc0649d9f39e089b5f02bcd27fba10d8fb4dcc28173f7a45151f", size = 4968581, upload-time = "2025-01-06T17:26:30.443Z" }
wheels = [
    { url = "https://files.pythonhosted.org/packages/8a/0b/9fcc47d19c48b59121088dd6da2488a49d5f72dacf8262e2790a1d2c7d15/pygments-2.19.1-py3-none-any.whl", hash = "sha256:9ea1544ad55cecf4b8242fab6dd35a93bbce657034b0611ee383099054ab6d8c", size = 1225293, upload-time = "2025-01-06T17:26:25.553Z" },
]

[[package]]
name = "pytest"
version = "8.4.0"
source = { registry = "https://pypi.org/simple" }
dependencies = [
    { name = "colorama", marker = "sys_platform == 'win32'" },
    { name = "iniconfig" },
    { name = "packaging" },
    { name = "pluggy" },
    { name = "pygments" },
]
sdist = { url = "https://files.pythonhosted.org/packages/fb/aa/405082ce2749be5398045152251ac69c0f3578c7077efc53431303af97ce/pytest-8.4.0.tar.gz", hash = "sha256:14d920b48472ea0dbf68e45b96cd1ffda4705f33307dcc86c676c1b5104838a6", size = 1515232, upload-time = "2025-06-02T17:36:30.03Z" }
wheels = [
    { url = "https://files.pythonhosted.org/packages/2f/de/afa024cbe022b1b318a3d224125aa24939e99b4ff6f22e0ba639a2eaee47/pytest-8.4.0-py3-none-any.whl", hash = "sha256:f40f825768ad76c0977cbacdf1fd37c6f7a468e460ea6a0636078f8972d4517e", size = 363797, upload-time = "2025-06-02T17:36:27.859Z" },
]

[[package]]
name = "pytest-mock"
version = "3.14.1"
source = { registry = "https://pypi.org/simple" }
dependencies = [
    { name = "pytest" },
]
sdist = { url = "https://files.pythonhosted.org/packages/71/28/67172c96ba684058a4d24ffe144d64783d2a270d0af0d9e792737bddc75c/pytest_mock-3.14.1.tar.gz", hash = "sha256:159e9edac4c451ce77a5cdb9fc5d1100708d2dd4ba3c3df572f14097351af80e", size = 33241, upload-time = "2025-05-26T13:58:45.167Z" }
wheels = [
    { url = "https://files.pythonhosted.org/packages/b2/05/77b60e520511c53d1c1ca75f1930c7dd8e971d0c4379b7f4b3f9644685ba/pytest_mock-3.14.1-py3-none-any.whl", hash = "sha256:178aefcd11307d874b4cd3100344e7e2d888d9791a6a1d9bfe90fbc1b74fd1d0", size = 9923, upload-time = "2025-05-26T13:58:43.487Z" },
]

[[package]]
name = "python-rtmidi"
version = "1.5.8"
source = { registry = "https://pypi.org/simple" }
sdist = { url = "https://files.pythonhosted.org/packages/dd/ee/0f91965dcc471714c69df21e5ca3d94dc81411b7dee2d31ff1184bea07c9/python_rtmidi-1.5.8.tar.gz", hash = "sha256:7f9ade68b068ae09000ecb562ae9521da3a234361ad5449e83fc734544d004fa", size = 368130, upload-time = "2023-11-20T21:55:02.192Z" }
wheels = [
    { url = "https://files.pythonhosted.org/packages/4b/0c/23be16b75c90946784b8d233e61db14cf0482def5396821a1ae0bdcd2739/python_rtmidi-1.5.8-cp311-cp311-macosx_10_9_x86_64.whl", hash = "sha256:30d117193dcad8af67c600c405f53eb096e4ff84849760be14c97270af334922", size = 150205, upload-time = "2023-11-20T21:54:31.849Z" },
    { url = "https://files.pythonhosted.org/packages/4b/12/37d41151b08a292719f05dbeae15475537f8aa291cda34c6634b35916dff/python_rtmidi-1.5.8-cp311-cp311-macosx_11_0_arm64.whl", hash = "sha256:4e234dca7f9d783dd3f1e9c9c5c2f295f02b7af3085301d6eed3b428cf49d327", size = 146737, upload-time = "2023-11-20T21:54:33.299Z" },
    { url = "https://files.pythonhosted.org/packages/53/5e/b866491545135c699bfbed62f54b93c4d6587afc2bba6e2cbbe898570c32/python_rtmidi-1.5.8-cp311-cp311-manylinux_2_28_aarch64.whl", hash = "sha256:271d625c489fffb39b3edc5aba67f7c8e29a04a0a0f056ce19e5a888a08b4c59", size = 294847, upload-time = "2023-11-20T21:54:35.017Z" },
    { url = "https://files.pythonhosted.org/packages/a0/79/1ddb4fb1bdb1a8b8bd62007ca4980344a53b7f29633a7bca1088eed964ce/python_rtmidi-1.5.8-cp311-cp311-manylinux_2_28_x86_64.whl", hash = "sha256:46bbf32c8a4bf6c8f0df1c02a68689d0757f13cb7a69f27ccbbed3d7b2365918", size = 305433, upload-time = "2023-11-20T21:54:36.322Z" },
    { url = "https://files.pythonhosted.org/packages/13/ff/2c55797dbf020d462132d1bc5b34d596b400fa197e2a259b8dd2ea2e5954/python_rtmidi-1.5.8-cp311-cp311-win_amd64.whl", hash = "sha256:cfea32c91752fa7aecfe3d6827535c190ba0e646a9accd6604f4fc70cf4b780f", size = 132937, upload-time = "2023-11-20T21:54:38.3Z" },
]

[[package]]
name = "typing-extensions"
version = "4.14.0"
source = { registry = "https://pypi.org/simple" }
sdist = { url = "https://files.pythonhosted.org/packages/d1/bc/51647cd02527e87d05cb083ccc402f93e441606ff1f01739a62c8ad09ba5/typing_extensions-4.14.0.tar.gz", hash = "sha256:8676b788e32f02ab42d9e7c61324048ae4c6d844a399eebace3d4979d75ceef4", size = 107423, upload-time = "2025-06-02T14:52:11.399Z" }
wheels = [
    { url = "https://files.pythonhosted.org/packages/69/e0/552843e0d356fbb5256d21449fa957fa4eff3bbc135a74a691ee70c7c5da/typing_extensions-4.14.0-py3-none-any.whl", hash = "sha256:a1514509136dd0b477638fc68d6a91497af5076466ad0fa6c338e44e359944af", size = 43839, upload-time = "2025-06-02T14:52:10.026Z" },
]
